// !$*UTF8*$!
{
	archiveVersion = 1;
	classes = {
	};
	objectVersion = 50;
	objects = {

/* Begin PBXBuildFile section */
		246DDA792679E68E00057B83 /* AppDelegate.swift in Sources */ = {isa = PBXBuildFile; fileRef = 246DDA782679E68E00057B83 /* AppDelegate.swift */; };
		246DDA7B2679E68E00057B83 /* SceneDelegate.swift in Sources */ = {isa = PBXBuildFile; fileRef = 246DDA7A2679E68E00057B83 /* SceneDelegate.swift */; };
		246DDA7D2679E68E00057B83 /* NotesListController.swift in Sources */ = {isa = PBXBuildFile; fileRef = 246DDA7C2679E68E00057B83 /* NotesListController.swift */; };
		246DDA802679E68E00057B83 /* Main.storyboard in Resources */ = {isa = PBXBuildFile; fileRef = 246DDA7E2679E68E00057B83 /* Main.storyboard */; };
		246DDA832679E68E00057B83 /* LadoTsivtsivadze_34.xcdatamodeld in Sources */ = {isa = PBXBuildFile; fileRef = 246DDA812679E68E00057B83 /* LadoTsivtsivadze_34.xcdatamodeld */; };
		246DDA852679E68F00057B83 /* Assets.xcassets in Resources */ = {isa = PBXBuildFile; fileRef = 246DDA842679E68F00057B83 /* Assets.xcassets */; };
		246DDA882679E68F00057B83 /* LaunchScreen.storyboard in Resources */ = {isa = PBXBuildFile; fileRef = 246DDA862679E68F00057B83 /* LaunchScreen.storyboard */; };
		246DDA952679EA5100057B83 /* NotesEditController.swift in Sources */ = {isa = PBXBuildFile; fileRef = 246DDA942679EA5100057B83 /* NotesEditController.swift */; };
		246DDA972679EA6400057B83 /* LogInController.swift in Sources */ = {isa = PBXBuildFile; fileRef = 246DDA962679EA6400057B83 /* LogInController.swift */; };
		246DDA992679EA7500057B83 /* RegisterController.swift in Sources */ = {isa = PBXBuildFile; fileRef = 246DDA982679EA7500057B83 /* RegisterController.swift */; };
		246DDA9D2679EAA800057B83 /* IDs2.swift in Sources */ = {isa = PBXBuildFile; fileRef = 246DDA9B2679EAA800057B83 /* IDs2.swift */; };
		246DDA9E2679EAA800057B83 /* ControllerHelpers2.swift in Sources */ = {isa = PBXBuildFile; fileRef = 246DDA9C2679EAA800057B83 /* ControllerHelpers2.swift */; };
		246DDAA02679EF0100057B83 /* TabbarController.swift in Sources */ = {isa = PBXBuildFile; fileRef = 246DDA9F2679EF0100057B83 /* TabbarController.swift */; };
		246DDAA32679F02900057B83 /* EditingMode.swift in Sources */ = {isa = PBXBuildFile; fileRef = 246DDAA22679F02900057B83 /* EditingMode.swift */; };
		246DDAA52679F0E100057B83 /* TypeAliases.swift in Sources */ = {isa = PBXBuildFile; fileRef = 246DDAA42679F0E100057B83 /* TypeAliases.swift */; };
		246DDAA9267A093800057B83 /* CoreDataHelpers.swift in Sources */ = {isa = PBXBuildFile; fileRef = 246DDAA8267A093800057B83 /* CoreDataHelpers.swift */; };
/* End PBXBuildFile section */

/* Begin PBXFileReference section */
		246DDA752679E68E00057B83 /* LadoTsivtsivadze_34.app */ = {isa = PBXFileReference; explicitFileType = wrapper.application; includeInIndex = 0; path = LadoTsivtsivadze_34.app; sourceTree = BUILT_PRODUCTS_DIR; };
		246DDA782679E68E00057B83 /* AppDelegate.swift */ = {isa = PBXFileReference; lastKnownFileType = sourcecode.swift; path = AppDelegate.swift; sourceTree = "<group>"; };
		246DDA7A2679E68E00057B83 /* SceneDelegate.swift */ = {isa = PBXFileReference; lastKnownFileType = sourcecode.swift; path = SceneDelegate.swift; sourceTree = "<group>"; };
		246DDA7C2679E68E00057B83 /* NotesListController.swift */ = {isa = PBXFileReference; lastKnownFileType = sourcecode.swift; path = NotesListController.swift; sourceTree = "<group>"; };
		246DDA7F2679E68E00057B83 /* Base */ = {isa = PBXFileReference; lastKnownFileType = file.storyboard; name = Base; path = Base.lproj/Main.storyboard; sourceTree = "<group>"; };
		246DDA822679E68E00057B83 /* LadoTsivtsivadze_34.xcdatamodel */ = {isa = PBXFileReference; lastKnownFileType = wrapper.xcdatamodel; path = LadoTsivtsivadze_34.xcdatamodel; sourceTree = "<group>"; };
		246DDA842679E68F00057B83 /* Assets.xcassets */ = {isa = PBXFileReference; lastKnownFileType = folder.assetcatalog; path = Assets.xcassets; sourceTree = "<group>"; };
		246DDA872679E68F00057B83 /* Base */ = {isa = PBXFileReference; lastKnownFileType = file.storyboard; name = Base; path = Base.lproj/LaunchScreen.storyboard; sourceTree = "<group>"; };
		246DDA892679E68F00057B83 /* Info.plist */ = {isa = PBXFileReference; lastKnownFileType = text.plist.xml; path = Info.plist; sourceTree = "<group>"; };
		246DDA942679EA5100057B83 /* NotesEditController.swift */ = {isa = PBXFileReference; lastKnownFileType = sourcecode.swift; path = NotesEditController.swift; sourceTree = "<group>"; };
		246DDA962679EA6400057B83 /* LogInController.swift */ = {isa = PBXFileReference; lastKnownFileType = sourcecode.swift; path = LogInController.swift; sourceTree = "<group>"; };
		246DDA982679EA7500057B83 /* RegisterController.swift */ = {isa = PBXFileReference; lastKnownFileType = sourcecode.swift; path = RegisterController.swift; sourceTree = "<group>"; };
		246DDA9B2679EAA800057B83 /* IDs2.swift */ = {isa = PBXFileReference; fileEncoding = 4; lastKnownFileType = sourcecode.swift; name = IDs2.swift; path = ../../../Chesstrainer2/ChessTrainer2/Helpers/IDs2.swift; sourceTree = "<group>"; };
		246DDA9C2679EAA800057B83 /* ControllerHelpers2.swift */ = {isa = PBXFileReference; fileEncoding = 4; lastKnownFileType = sourcecode.swift; name = ControllerHelpers2.swift; path = ../../../Chesstrainer2/ChessTrainer2/Helpers/ControllerHelpers2.swift; sourceTree = "<group>"; };
		246DDA9F2679EF0100057B83 /* TabbarController.swift */ = {isa = PBXFileReference; lastKnownFileType = sourcecode.swift; path = TabbarController.swift; sourceTree = "<group>"; };
		246DDAA22679F02900057B83 /* EditingMode.swift */ = {isa = PBXFileReference; lastKnownFileType = sourcecode.swift; path = EditingMode.swift; sourceTree = "<group>"; };
		246DDAA42679F0E100057B83 /* TypeAliases.swift */ = {isa = PBXFileReference; fileEncoding = 4; lastKnownFileType = sourcecode.swift; name = TypeAliases.swift; path = ../../Chesstrainer2/ChessTrainer2/TypeAliases.swift; sourceTree = "<group>"; };
		246DDAA8267A093800057B83 /* CoreDataHelpers.swift */ = {isa = PBXFileReference; lastKnownFileType = sourcecode.swift; path = CoreDataHelpers.swift; sourceTree = "<group>"; };
/* End PBXFileReference section */

/* Begin PBXFrameworksBuildPhase section */
		246DDA722679E68E00057B83 /* Frameworks */ = {
			isa = PBXFrameworksBuildPhase;
			buildActionMask = 2147483647;
			files = (
			);
			runOnlyForDeploymentPostprocessing = 0;
		};
/* End PBXFrameworksBuildPhase section */

/* Begin PBXGroup section */
		246DDA6C2679E68E00057B83 = {
			isa = PBXGroup;
			children = (
				246DDA772679E68E00057B83 /* LadoTsivtsivadze_34 */,
				246DDA762679E68E00057B83 /* Products */,
			);
			sourceTree = "<group>";
		};
		246DDA762679E68E00057B83 /* Products */ = {
			isa = PBXGroup;
			children = (
				246DDA752679E68E00057B83 /* LadoTsivtsivadze_34.app */,
			);
			name = Products;
			sourceTree = "<group>";
		};
		246DDA772679E68E00057B83 /* LadoTsivtsivadze_34 */ = {
			isa = PBXGroup;
			children = (
				246DDAA42679F0E100057B83 /* TypeAliases.swift */,
				246DDA9A2679EA7D00057B83 /* Helpers */,
				246DDA902679E6B400057B83 /* Presentation */,
				246DDA8F2679E6A400057B83 /* App */,
				246DDA842679E68F00057B83 /* Assets.xcassets */,
				246DDA862679E68F00057B83 /* LaunchScreen.storyboard */,
				246DDA892679E68F00057B83 /* Info.plist */,
				246DDA812679E68E00057B83 /* LadoTsivtsivadze_34.xcdatamodeld */,
			);
			path = LadoTsivtsivadze_34;
			sourceTree = "<group>";
		};
		246DDA8F2679E6A400057B83 /* App */ = {
			isa = PBXGroup;
			children = (
				246DDA782679E68E00057B83 /* AppDelegate.swift */,
				246DDA7A2679E68E00057B83 /* SceneDelegate.swift */,
			);
			path = App;
			sourceTree = "<group>";
		};
		246DDA902679E6B400057B83 /* Presentation */ = {
			isa = PBXGroup;
			children = (
				246DDA912679E6C500057B83 /* Scenes */,
			);
			path = Presentation;
			sourceTree = "<group>";
		};
		246DDA912679E6C500057B83 /* Scenes */ = {
			isa = PBXGroup;
			children = (
				246DDA922679E6D100057B83 /* MainScene */,
			);
			path = Scenes;
			sourceTree = "<group>";
		};
		246DDA922679E6D100057B83 /* MainScene */ = {
			isa = PBXGroup;
			children = (
				246DDAA62679F19100057B83 /* View */,
				246DDAA12679F01900057B83 /* Structures */,
				246DDA7E2679E68E00057B83 /* Main.storyboard */,
				246DDA932679E6DA00057B83 /* Controllers */,
			);
			path = MainScene;
			sourceTree = "<group>";
		};
		246DDA932679E6DA00057B83 /* Controllers */ = {
			isa = PBXGroup;
			children = (
				246DDA7C2679E68E00057B83 /* NotesListController.swift */,
				246DDA942679EA5100057B83 /* NotesEditController.swift */,
				246DDA962679EA6400057B83 /* LogInController.swift */,
				246DDA982679EA7500057B83 /* RegisterController.swift */,
				246DDA9F2679EF0100057B83 /* TabbarController.swift */,
			);
			path = Controllers;
			sourceTree = "<group>";
		};
		246DDA9A2679EA7D00057B83 /* Helpers */ = {
			isa = PBXGroup;
			children = (
				246DDA9C2679EAA800057B83 /* ControllerHelpers2.swift */,
				246DDA9B2679EAA800057B83 /* IDs2.swift */,
				246DDAA8267A093800057B83 /* CoreDataHelpers.swift */,
			);
			path = Helpers;
			sourceTree = "<group>";
		};
		246DDAA12679F01900057B83 /* Structures */ = {
			isa = PBXGroup;
			children = (
				246DDAA22679F02900057B83 /* EditingMode.swift */,
			);
			path = Structures;
			sourceTree = "<group>";
		};
		246DDAA62679F19100057B83 /* View */ = {
			isa = PBXGroup;
			children = (
				246DDAA72679F19800057B83 /* Cells */,
			);
			path = View;
			sourceTree = "<group>";
		};
		246DDAA72679F19800057B83 /* Cells */ = {
			isa = PBXGroup;
			children = (
			);
			path = Cells;
			sourceTree = "<group>";
		};
/* End PBXGroup section */

/* Begin PBXNativeTarget section */
		246DDA742679E68E00057B83 /* LadoTsivtsivadze_34 */ = {
			isa = PBXNativeTarget;
			buildConfigurationList = 246DDA8C2679E68F00057B83 /* Build configuration list for PBXNativeTarget "LadoTsivtsivadze_34" */;
			buildPhases = (
				246DDA712679E68E00057B83 /* Sources */,
				246DDA722679E68E00057B83 /* Frameworks */,
				246DDA732679E68E00057B83 /* Resources */,
			);
			buildRules = (
			);
			dependencies = (
			);
			name = LadoTsivtsivadze_34;
			productName = LadoTsivtsivadze_34;
			productReference = 246DDA752679E68E00057B83 /* LadoTsivtsivadze_34.app */;
			productType = "com.apple.product-type.application";
		};
/* End PBXNativeTarget section */

/* Begin PBXProject section */
		246DDA6D2679E68E00057B83 /* Project object */ = {
			isa = PBXProject;
			attributes = {
				LastSwiftUpdateCheck = 1250;
				LastUpgradeCheck = 1250;
				TargetAttributes = {
					246DDA742679E68E00057B83 = {
						CreatedOnToolsVersion = 12.5;
					};
				};
			};
			buildConfigurationList = 246DDA702679E68E00057B83 /* Build configuration list for PBXProject "LadoTsivtsivadze_34" */;
			compatibilityVersion = "Xcode 9.3";
			developmentRegion = en;
			hasScannedForEncodings = 0;
			knownRegions = (
				en,
				Base,
			);
			mainGroup = 246DDA6C2679E68E00057B83;
			productRefGroup = 246DDA762679E68E00057B83 /* Products */;
			projectDirPath = "";
			projectRoot = "";
			targets = (
				246DDA742679E68E00057B83 /* LadoTsivtsivadze_34 */,
			);
		};
/* End PBXProject section */

/* Begin PBXResourcesBuildPhase section */
		246DDA732679E68E00057B83 /* Resources */ = {
			isa = PBXResourcesBuildPhase;
			buildActionMask = 2147483647;
			files = (
				246DDA882679E68F00057B83 /* LaunchScreen.storyboard in Resources */,
				246DDA852679E68F00057B83 /* Assets.xcassets in Resources */,
				246DDA802679E68E00057B83 /* Main.storyboard in Resources */,
			);
			runOnlyForDeploymentPostprocessing = 0;
		};
/* End PBXResourcesBuildPhase section */

/* Begin PBXSourcesBuildPhase section */
		246DDA712679E68E00057B83 /* Sources */ = {
			isa = PBXSourcesBuildPhase;
			buildActionMask = 2147483647;
			files = (
				246DDAA52679F0E100057B83 /* TypeAliases.swift in Sources */,
				246DDA832679E68E00057B83 /* LadoTsivtsivadze_34.xcdatamodeld in Sources */,
				246DDA972679EA6400057B83 /* LogInController.swift in Sources */,
				246DDA7D2679E68E00057B83 /* NotesListController.swift in Sources */,
				246DDAA02679EF0100057B83 /* TabbarController.swift in Sources */,
				246DDAA9267A093800057B83 /* CoreDataHelpers.swift in Sources */,
				246DDA992679EA7500057B83 /* RegisterController.swift in Sources */,
				246DDA9D2679EAA800057B83 /* IDs2.swift in Sources */,
				246DDA9E2679EAA800057B83 /* ControllerHelpers2.swift in Sources */,
				246DDAA32679F02900057B83 /* EditingMode.swift in Sources */,
				246DDA952679EA5100057B83 /* NotesEditController.swift in Sources */,
				246DDA792679E68E00057B83 /* AppDelegate.swift in Sources */,
				246DDA7B2679E68E00057B83 /* SceneDelegate.swift in Sources */,
			);
			runOnlyForDeploymentPostprocessing = 0;
		};
/* End PBXSourcesBuildPhase section */

/* Begin PBXVariantGroup section */
		246DDA7E2679E68E00057B83 /* Main.storyboard */ = {
			isa = PBXVariantGroup;
			children = (
				246DDA7F2679E68E00057B83 /* Base */,
			);
			name = Main.storyboard;
			sourceTree = "<group>";
		};
		246DDA862679E68F00057B83 /* LaunchScreen.storyboard */ = {
			isa = PBXVariantGroup;
			children = (
				246DDA872679E68F00057B83 /* Base */,
			);
			name = LaunchScreen.storyboard;
			sourceTree = "<group>";
		};
/* End PBXVariantGroup section */

/* Begin XCBuildConfiguration section */
		246DDA8A2679E68F00057B83 /* Debug */ = {
			isa = XCBuildConfiguration;
			buildSettings = {
				ALWAYS_SEARCH_USER_PATHS = NO;
				CLANG_ANALYZER_NONNULL = YES;
				CLANG_ANALYZER_NUMBER_OBJECT_CONVERSION = YES_AGGRESSIVE;
				CLANG_CXX_LANGUAGE_STANDARD = "gnu++14";
				CLANG_CXX_LIBRARY = "libc++";
				CLANG_ENABLE_MODULES = YES;
				CLANG_ENABLE_OBJC_ARC = YES;
				CLANG_ENABLE_OBJC_WEAK = YES;
				CLANG_WARN_BLOCK_CAPTURE_AUTORELEASING = YES;
				CLANG_WARN_BOOL_CONVERSION = YES;
				CLANG_WARN_COMMA = YES;
				CLANG_WARN_CONSTANT_CONVERSION = YES;
				CLANG_WARN_DEPRECATED_OBJC_IMPLEMENTATIONS = YES;
				CLANG_WARN_DIRECT_OBJC_ISA_USAGE = YES_ERROR;
				CLANG_WARN_DOCUMENTATION_COMMENTS = YES;
				CLANG_WARN_EMPTY_BODY = YES;
				CLANG_WARN_ENUM_CONVERSION = YES;
				CLANG_WARN_INFINITE_RECURSION = YES;
				CLANG_WARN_INT_CONVERSION = YES;
				CLANG_WARN_NON_LITERAL_NULL_CONVERSION = YES;
				CLANG_WARN_OBJC_IMPLICIT_RETAIN_SELF = YES;
				CLANG_WARN_OBJC_LITERAL_CONVERSION = YES;
				CLANG_WARN_OBJC_ROOT_CLASS = YES_ERROR;
				CLANG_WARN_QUOTED_INCLUDE_IN_FRAMEWORK_HEADER = YES;
				CLANG_WARN_RANGE_LOOP_ANALYSIS = YES;
				CLANG_WARN_STRICT_PROTOTYPES = YES;
				CLANG_WARN_SUSPICIOUS_MOVE = YES;
				CLANG_WARN_UNGUARDED_AVAILABILITY = YES_AGGRESSIVE;
				CLANG_WARN_UNREACHABLE_CODE = YES;
				CLANG_WARN__DUPLICATE_METHOD_MATCH = YES;
				COPY_PHASE_STRIP = NO;
				DEBUG_INFORMATION_FORMAT = dwarf;
				ENABLE_STRICT_OBJC_MSGSEND = YES;
				ENABLE_TESTABILITY = YES;
				GCC_C_LANGUAGE_STANDARD = gnu11;
				GCC_DYNAMIC_NO_PIC = NO;
				GCC_NO_COMMON_BLOCKS = YES;
				GCC_OPTIMIZATION_LEVEL = 0;
				GCC_PREPROCESSOR_DEFINITIONS = (
					"DEBUG=1",
					"$(inherited)",
				);
				GCC_WARN_64_TO_32_BIT_CONVERSION = YES;
				GCC_WARN_ABOUT_RETURN_TYPE = YES_ERROR;
				GCC_WARN_UNDECLARED_SELECTOR = YES;
				GCC_WARN_UNINITIALIZED_AUTOS = YES_AGGRESSIVE;
				GCC_WARN_UNUSED_FUNCTION = YES;
				GCC_WARN_UNUSED_VARIABLE = YES;
				IPHONEOS_DEPLOYMENT_TARGET = 14.5;
				MTL_ENABLE_DEBUG_INFO = INCLUDE_SOURCE;
				MTL_FAST_MATH = YES;
				ONLY_ACTIVE_ARCH = YES;
				SDKROOT = iphoneos;
				SWIFT_ACTIVE_COMPILATION_CONDITIONS = DEBUG;
				SWIFT_OPTIMIZATION_LEVEL = "-Onone";
			};
			name = Debug;
		};
		246DDA8B2679E68F00057B83 /* Release */ = {
			isa = XCBuildConfiguration;
			buildSettings = {
				ALWAYS_SEARCH_USER_PATHS = NO;
				CLANG_ANALYZER_NONNULL = YES;
				CLANG_ANALYZER_NUMBER_OBJECT_CONVERSION = YES_AGGRESSIVE;
				CLANG_CXX_LANGUAGE_STANDARD = "gnu++14";
				CLANG_CXX_LIBRARY = "libc++";
				CLANG_ENABLE_MODULES = YES;
				CLANG_ENABLE_OBJC_ARC = YES;
				CLANG_ENABLE_OBJC_WEAK = YES;
				CLANG_WARN_BLOCK_CAPTURE_AUTORELEASING = YES;
				CLANG_WARN_BOOL_CONVERSION = YES;
				CLANG_WARN_COMMA = YES;
				CLANG_WARN_CONSTANT_CONVERSION = YES;
				CLANG_WARN_DEPRECATED_OBJC_IMPLEMENTATIONS = YES;
				CLANG_WARN_DIRECT_OBJC_ISA_USAGE = YES_ERROR;
				CLANG_WARN_DOCUMENTATION_COMMENTS = YES;
				CLANG_WARN_EMPTY_BODY = YES;
				CLANG_WARN_ENUM_CONVERSION = YES;
				CLANG_WARN_INFINITE_RECURSION = YES;
				CLANG_WARN_INT_CONVERSION = YES;
				CLANG_WARN_NON_LITERAL_NULL_CONVERSION = YES;
				CLANG_WARN_OBJC_IMPLICIT_RETAIN_SELF = YES;
				CLANG_WARN_OBJC_LITERAL_CONVERSION = YES;
				CLANG_WARN_OBJC_ROOT_CLASS = YES_ERROR;
				CLANG_WARN_QUOTED_INCLUDE_IN_FRAMEWORK_HEADER = YES;
				CLANG_WARN_RANGE_LOOP_ANALYSIS = YES;
				CLANG_WARN_STRICT_PROTOTYPES = YES;
				CLANG_WARN_SUSPICIOUS_MOVE = YES;
				CLANG_WARN_UNGUARDED_AVAILABILITY = YES_AGGRESSIVE;
				CLANG_WARN_UNREACHABLE_CODE = YES;
				CLANG_WARN__DUPLICATE_METHOD_MATCH = YES;
				COPY_PHASE_STRIP = NO;
				DEBUG_INFORMATION_FORMAT = "dwarf-with-dsym";
				ENABLE_NS_ASSERTIONS = NO;
				ENABLE_STRICT_OBJC_MSGSEND = YES;
				GCC_C_LANGUAGE_STANDARD = gnu11;
				GCC_NO_COMMON_BLOCKS = YES;
				GCC_WARN_64_TO_32_BIT_CONVERSION = YES;
				GCC_WARN_ABOUT_RETURN_TYPE = YES_ERROR;
				GCC_WARN_UNDECLARED_SELECTOR = YES;
				GCC_WARN_UNINITIALIZED_AUTOS = YES_AGGRESSIVE;
				GCC_WARN_UNUSED_FUNCTION = YES;
				GCC_WARN_UNUSED_VARIABLE = YES;
				IPHONEOS_DEPLOYMENT_TARGET = 14.5;
				MTL_ENABLE_DEBUG_INFO = NO;
				MTL_FAST_MATH = YES;
				SDKROOT = iphoneos;
				SWIFT_COMPILATION_MODE = wholemodule;
				SWIFT_OPTIMIZATION_LEVEL = "-O";
				VALIDATE_PRODUCT = YES;
			};
			name = Release;
		};
		246DDA8D2679E68F00057B83 /* Debug */ = {
			isa = XCBuildConfiguration;
			buildSettings = {
				ASSETCATALOG_COMPILER_APPICON_NAME = AppIcon;
				ASSETCATALOG_COMPILER_GLOBAL_ACCENT_COLOR_NAME = AccentColor;
				CODE_SIGN_STYLE = Automatic;
				DEVELOPMENT_TEAM = 8C7J4PSQLX;
				INFOPLIST_FILE = LadoTsivtsivadze_34/Info.plist;
				LD_RUNPATH_SEARCH_PATHS = (
					"$(inherited)",
					"@executable_path/Frameworks",
				);
				PRODUCT_BUNDLE_IDENTIFIER = "com.ladotsivtsivadze.LadoTsivtsivadze-34";
				PRODUCT_NAME = "$(TARGET_NAME)";
				SWIFT_VERSION = 5.0;
				TARGETED_DEVICE_FAMILY = "1,2";
			};
			name = Debug;
		};
		246DDA8E2679E68F00057B83 /* Release */ = {
			isa = XCBuildConfiguration;
			buildSettings = {
				ASSETCATALOG_COMPILER_APPICON_NAME = AppIcon;
				ASSETCATALOG_COMPILER_GLOBAL_ACCENT_COLOR_NAME = AccentColor;
				CODE_SIGN_STYLE = Automatic;
				DEVELOPMENT_TEAM = 8C7J4PSQLX;
				INFOPLIST_FILE = LadoTsivtsivadze_34/Info.plist;
				LD_RUNPATH_SEARCH_PATHS = (
					"$(inherited)",
					"@executable_path/Frameworks",
				);
				PRODUCT_BUNDLE_IDENTIFIER = "com.ladotsivtsivadze.LadoTsivtsivadze-34";
				PRODUCT_NAME = "$(TARGET_NAME)";
				SWIFT_VERSION = 5.0;
				TARGETED_DEVICE_FAMILY = "1,2";
			};
			name = Release;
		};
/* End XCBuildConfiguration section */

/* Begin XCConfigurationList section */
		246DDA702679E68E00057B83 /* Build configuration list for PBXProject "LadoTsivtsivadze_34" */ = {
			isa = XCConfigurationList;
			buildConfigurations = (
				246DDA8A2679E68F00057B83 /* Debug */,
				246DDA8B2679E68F00057B83 /* Release */,
			);
			defaultConfigurationIsVisible = 0;
			defaultConfigurationName = Release;
		};
		246DDA8C2679E68F00057B83 /* Build configuration list for PBXNativeTarget "LadoTsivtsivadze_34" */ = {
			isa = XCConfigurationList;
			buildConfigurations = (
				246DDA8D2679E68F00057B83 /* Debug */,
				246DDA8E2679E68F00057B83 /* Release */,
			);
			defaultConfigurationIsVisible = 0;
			defaultConfigurationName = Release;
		};
/* End XCConfigurationList section */

/* Begin XCVersionGroup section */
		246DDA812679E68E00057B83 /* LadoTsivtsivadze_34.xcdatamodeld */ = {
			isa = XCVersionGroup;
			children = (
				246DDA822679E68E00057B83 /* LadoTsivtsivadze_34.xcdatamodel */,
			);
			currentVersion = 246DDA822679E68E00057B83 /* LadoTsivtsivadze_34.xcdatamodel */;
			path = LadoTsivtsivadze_34.xcdatamodeld;
			sourceTree = "<group>";
			versionGroupType = wrapper.xcdatamodel;
		};
/* End XCVersionGroup section */
	};
	rootObject = 246DDA6D2679E68E00057B83 /* Project object */;
}
